
Microsoft Visual Studio Solution File, Format Version 12.00
# Visual Studio 15
VisualStudioVersion = 15.0.28307.572
MinimumVisualStudioVersion = 10.0.40219.1
Project("{FAE04EC0-301F-11D3-BF4B-00C04F79EFBC}") = "Lab3_Csharp", "Lab3_Csharp\Lab3_Csharp.csproj", "{A9D5CEE5-4CEC-479F-971A-D30D09C03439}"
EndProject
Global
	GlobalSection(SolutionConfigurationPlatforms) = preSolution
		Debug|Any CPU = Debug|Any CPU
		Release|Any CPU = Release|Any CPU
	EndGlobalSection
	GlobalSection(ProjectConfigurationPlatforms) = postSolution
		{A9D5CEE5-4CEC-479F-971A-D30D09C03439}.Debug|Any CPU.ActiveCfg = Debug|Any CPU
		{A9D5CEE5-4CEC-479F-971A-D30D09C03439}.Debug|Any CPU.Build.0 = Debug|Any CPU
		{A9D5CEE5-4CEC-479F-971A-D30D09C03439}.Release|Any CPU.ActiveCfg = Release|Any CPU
		{A9D5CEE5-4CEC-479F-971A-D30D09C03439}.Release|Any CPU.Build.0 = Release|Any CPU
	EndGlobalSection
	GlobalSection(SolutionProperties) = preSolution
		HideSolutionNode = FALSE
	EndGlobalSection
	GlobalSection(ExtensibilityGlobals) = postSolution
		SolutionGuid = {E1F75955-7545-444F-AC59-658B225F2CC2}
	EndGlobalSection
EndGlobal
